
Microsoft Visual Studio Solution File, Format Version 12.00
# Visual Studio 14
VisualStudioVersion = 14.0.24720.0
MinimumVisualStudioVersion = 10.0.40219.1
Project("{FAE04EC0-301F-11D3-BF4B-00C04F79EFBC}") = "HotSMatchup.Windows", "HotSMatchup.Windows\HotSMatchup.Windows.csproj", "{16E74848-D5DF-4BDA-810C-8A7CBBCBE139}"
EndProject
Project("{FAE04EC0-301F-11D3-BF4B-00C04F79EFBC}") = "HotSMatchup.Core", "HotSMatchup.Core\HotSMatchup.Core.csproj", "{76A7113E-8A24-4F5D-96E7-FE0742506601}"
EndProject
Project("{FAE04EC0-301F-11D3-BF4B-00C04F79EFBC}") = "HotSMatchup.Test", "HotSMatchup.Test\HotSMatchup.Test.csproj", "{DA435F46-5213-4351-AD97-030B82376881}"
EndProject
Global
	GlobalSection(SolutionConfigurationPlatforms) = preSolution
		Debug|NonWindows = Debug|NonWindows
		Debug|Windows = Debug|Windows
		Release|NonWindows = Release|NonWindows
		Release|Windows = Release|Windows
	EndGlobalSection
	GlobalSection(ProjectConfigurationPlatforms) = postSolution
		{16E74848-D5DF-4BDA-810C-8A7CBBCBE139}.Debug|NonWindows.ActiveCfg = Debug|Any CPU
		{16E74848-D5DF-4BDA-810C-8A7CBBCBE139}.Debug|Windows.ActiveCfg = Debug|Any CPU
		{16E74848-D5DF-4BDA-810C-8A7CBBCBE139}.Debug|Windows.Build.0 = Debug|Any CPU
		{16E74848-D5DF-4BDA-810C-8A7CBBCBE139}.Release|NonWindows.ActiveCfg = Release|Any CPU
		{16E74848-D5DF-4BDA-810C-8A7CBBCBE139}.Release|Windows.ActiveCfg = Release|Any CPU
		{16E74848-D5DF-4BDA-810C-8A7CBBCBE139}.Release|Windows.Build.0 = Release|Any CPU
		{76A7113E-8A24-4F5D-96E7-FE0742506601}.Debug|NonWindows.ActiveCfg = Debug-NonWindows|Any CPU
		{76A7113E-8A24-4F5D-96E7-FE0742506601}.Debug|NonWindows.Build.0 = Debug-NonWindows|Any CPU
		{76A7113E-8A24-4F5D-96E7-FE0742506601}.Debug|Windows.ActiveCfg = Debug-Windows|Any CPU
		{76A7113E-8A24-4F5D-96E7-FE0742506601}.Debug|Windows.Build.0 = Debug-Windows|Any CPU
		{76A7113E-8A24-4F5D-96E7-FE0742506601}.Release|NonWindows.ActiveCfg = Release-NonWindows|Any CPU
		{76A7113E-8A24-4F5D-96E7-FE0742506601}.Release|NonWindows.Build.0 = Release-NonWindows|Any CPU
		{76A7113E-8A24-4F5D-96E7-FE0742506601}.Release|Windows.ActiveCfg = Release-Windows|Any CPU
		{76A7113E-8A24-4F5D-96E7-FE0742506601}.Release|Windows.Build.0 = Release-Windows|Any CPU
		{DA435F46-5213-4351-AD97-030B82376881}.Debug|NonWindows.ActiveCfg = Debug-NonWindows|Any CPU
		{DA435F46-5213-4351-AD97-030B82376881}.Debug|NonWindows.Build.0 = Debug-NonWindows|Any CPU
		{DA435F46-5213-4351-AD97-030B82376881}.Debug|Windows.ActiveCfg = Debug-Windows|Any CPU
		{DA435F46-5213-4351-AD97-030B82376881}.Debug|Windows.Build.0 = Debug-Windows|Any CPU
		{DA435F46-5213-4351-AD97-030B82376881}.Release|NonWindows.ActiveCfg = Release-NonWindows|Any CPU
		{DA435F46-5213-4351-AD97-030B82376881}.Release|NonWindows.Build.0 = Release-NonWindows|Any CPU
		{DA435F46-5213-4351-AD97-030B82376881}.Release|Windows.ActiveCfg = Release-Windows|Any CPU
		{DA435F46-5213-4351-AD97-030B82376881}.Release|Windows.Build.0 = Release-Windows|Any CPU
	EndGlobalSection
	GlobalSection(SolutionProperties) = preSolution
		HideSolutionNode = FALSE
	EndGlobalSection
EndGlobal
