
Microsoft Visual Studio Solution File, Format Version 12.00
# Visual Studio 14
VisualStudioVersion = 14.0.24720.0
MinimumVisualStudioVersion = 10.0.40219.1
Project("{FAE04EC0-301F-11D3-BF4B-00C04F79EFBC}") = "HotSMatchup.Windows", "HotSMatchup.Windows\HotSMatchup.Windows.csproj", "{16E74848-D5DF-4BDA-810C-8A7CBBCBE139}"
EndProject
Project("{FAE04EC0-301F-11D3-BF4B-00C04F79EFBC}") = "HotSMatchup.Core", "HotSMatchup.Core\HotSMatchup.Core.csproj", "{76A7113E-8A24-4F5D-96E7-FE0742506601}"
EndProject
Project("{FAE04EC0-301F-11D3-BF4B-00C04F79EFBC}") = "HotSMatchup.Test", "HotSMatchup.Test\HotSMatchup.Test.csproj", "{DA435F46-5213-4351-AD97-030B82376881}"
EndProject
Project("{FAE04EC0-301F-11D3-BF4B-00C04F79EFBC}") = "CalcBinding", "CalcBinding\CalcBinding\CalcBinding.csproj", "{54EAD481-B6FC-41BB-ABBE-F0B33E123C61}"
EndProject
Project("{FAE04EC0-301F-11D3-BF4B-00C04F79EFBC}") = "NuzzFramework.Core", "NuzzFramework\NuzzFramework\NuzzFramework.Core.csproj", "{E2F1F9EB-0DC8-48EF-A526-3DE419261B6A}"
EndProject
Project("{FAE04EC0-301F-11D3-BF4B-00C04F79EFBC}") = "NuzzFramework.Windows", "NuzzFramework\NuzzFramework.Windows\NuzzFramework.Windows.csproj", "{FAF2D9DD-3A2C-4737-834B-B675C56E1709}"
EndProject
Global
	GlobalSection(SolutionConfigurationPlatforms) = preSolution
		Debug|Any CPU = Debug|Any CPU
		Debug|NonWindows = Debug|NonWindows
		Debug|Windows = Debug|Windows
		Debug-net4.0|Any CPU = Debug-net4.0|Any CPU
		Debug-net4.0|NonWindows = Debug-net4.0|NonWindows
		Debug-net4.0|Windows = Debug-net4.0|Windows
		Release|Any CPU = Release|Any CPU
		Release|NonWindows = Release|NonWindows
		Release|Windows = Release|Windows
		Release-net4.0|Any CPU = Release-net4.0|Any CPU
		Release-net4.0|NonWindows = Release-net4.0|NonWindows
		Release-net4.0|Windows = Release-net4.0|Windows
	EndGlobalSection
	GlobalSection(ProjectConfigurationPlatforms) = postSolution
		{16E74848-D5DF-4BDA-810C-8A7CBBCBE139}.Debug|Any CPU.ActiveCfg = Debug|Any CPU
		{16E74848-D5DF-4BDA-810C-8A7CBBCBE139}.Debug|Any CPU.Build.0 = Debug|Any CPU
		{16E74848-D5DF-4BDA-810C-8A7CBBCBE139}.Debug|NonWindows.ActiveCfg = Debug|Any CPU
		{16E74848-D5DF-4BDA-810C-8A7CBBCBE139}.Debug|Windows.ActiveCfg = Debug|Any CPU
		{16E74848-D5DF-4BDA-810C-8A7CBBCBE139}.Debug|Windows.Build.0 = Debug|Any CPU
		{16E74848-D5DF-4BDA-810C-8A7CBBCBE139}.Debug-net4.0|Any CPU.ActiveCfg = Debug|Any CPU
		{16E74848-D5DF-4BDA-810C-8A7CBBCBE139}.Debug-net4.0|Any CPU.Build.0 = Debug|Any CPU
		{16E74848-D5DF-4BDA-810C-8A7CBBCBE139}.Debug-net4.0|NonWindows.ActiveCfg = Debug|Any CPU
		{16E74848-D5DF-4BDA-810C-8A7CBBCBE139}.Debug-net4.0|NonWindows.Build.0 = Debug|Any CPU
		{16E74848-D5DF-4BDA-810C-8A7CBBCBE139}.Debug-net4.0|Windows.ActiveCfg = Debug|Any CPU
		{16E74848-D5DF-4BDA-810C-8A7CBBCBE139}.Debug-net4.0|Windows.Build.0 = Debug|Any CPU
		{16E74848-D5DF-4BDA-810C-8A7CBBCBE139}.Release|Any CPU.ActiveCfg = Release|Any CPU
		{16E74848-D5DF-4BDA-810C-8A7CBBCBE139}.Release|Any CPU.Build.0 = Release|Any CPU
		{16E74848-D5DF-4BDA-810C-8A7CBBCBE139}.Release|NonWindows.ActiveCfg = Release|Any CPU
		{16E74848-D5DF-4BDA-810C-8A7CBBCBE139}.Release|Windows.ActiveCfg = Release|Any CPU
		{16E74848-D5DF-4BDA-810C-8A7CBBCBE139}.Release|Windows.Build.0 = Release|Any CPU
		{16E74848-D5DF-4BDA-810C-8A7CBBCBE139}.Release-net4.0|Any CPU.ActiveCfg = Release|Any CPU
		{16E74848-D5DF-4BDA-810C-8A7CBBCBE139}.Release-net4.0|Any CPU.Build.0 = Release|Any CPU
		{16E74848-D5DF-4BDA-810C-8A7CBBCBE139}.Release-net4.0|NonWindows.ActiveCfg = Release|Any CPU
		{16E74848-D5DF-4BDA-810C-8A7CBBCBE139}.Release-net4.0|NonWindows.Build.0 = Release|Any CPU
		{16E74848-D5DF-4BDA-810C-8A7CBBCBE139}.Release-net4.0|Windows.ActiveCfg = Release|Any CPU
		{16E74848-D5DF-4BDA-810C-8A7CBBCBE139}.Release-net4.0|Windows.Build.0 = Release|Any CPU
		{76A7113E-8A24-4F5D-96E7-FE0742506601}.Debug|Any CPU.ActiveCfg = Debug-Windows|Any CPU
		{76A7113E-8A24-4F5D-96E7-FE0742506601}.Debug|Any CPU.Build.0 = Debug-Windows|Any CPU
		{76A7113E-8A24-4F5D-96E7-FE0742506601}.Debug|NonWindows.ActiveCfg = Debug-NonWindows|Any CPU
		{76A7113E-8A24-4F5D-96E7-FE0742506601}.Debug|NonWindows.Build.0 = Debug-NonWindows|Any CPU
		{76A7113E-8A24-4F5D-96E7-FE0742506601}.Debug|Windows.ActiveCfg = Debug-Windows|Any CPU
		{76A7113E-8A24-4F5D-96E7-FE0742506601}.Debug|Windows.Build.0 = Debug-Windows|Any CPU
		{76A7113E-8A24-4F5D-96E7-FE0742506601}.Debug-net4.0|Any CPU.ActiveCfg = Debug-NonWindows|Any CPU
		{76A7113E-8A24-4F5D-96E7-FE0742506601}.Debug-net4.0|Any CPU.Build.0 = Debug-NonWindows|Any CPU
		{76A7113E-8A24-4F5D-96E7-FE0742506601}.Debug-net4.0|NonWindows.ActiveCfg = Debug-NonWindows|Any CPU
		{76A7113E-8A24-4F5D-96E7-FE0742506601}.Debug-net4.0|NonWindows.Build.0 = Debug-NonWindows|Any CPU
		{76A7113E-8A24-4F5D-96E7-FE0742506601}.Debug-net4.0|Windows.ActiveCfg = Debug-NonWindows|Any CPU
		{76A7113E-8A24-4F5D-96E7-FE0742506601}.Debug-net4.0|Windows.Build.0 = Debug-NonWindows|Any CPU
		{76A7113E-8A24-4F5D-96E7-FE0742506601}.Release|Any CPU.ActiveCfg = Release-Windows|Any CPU
		{76A7113E-8A24-4F5D-96E7-FE0742506601}.Release|Any CPU.Build.0 = Release-Windows|Any CPU
		{76A7113E-8A24-4F5D-96E7-FE0742506601}.Release|NonWindows.ActiveCfg = Release-NonWindows|Any CPU
		{76A7113E-8A24-4F5D-96E7-FE0742506601}.Release|NonWindows.Build.0 = Release-NonWindows|Any CPU
		{76A7113E-8A24-4F5D-96E7-FE0742506601}.Release|Windows.ActiveCfg = Release-Windows|Any CPU
		{76A7113E-8A24-4F5D-96E7-FE0742506601}.Release|Windows.Build.0 = Release-Windows|Any CPU
		{76A7113E-8A24-4F5D-96E7-FE0742506601}.Release-net4.0|Any CPU.ActiveCfg = Release-NonWindows|Any CPU
		{76A7113E-8A24-4F5D-96E7-FE0742506601}.Release-net4.0|Any CPU.Build.0 = Release-NonWindows|Any CPU
		{76A7113E-8A24-4F5D-96E7-FE0742506601}.Release-net4.0|NonWindows.ActiveCfg = Release-NonWindows|Any CPU
		{76A7113E-8A24-4F5D-96E7-FE0742506601}.Release-net4.0|NonWindows.Build.0 = Release-NonWindows|Any CPU
		{76A7113E-8A24-4F5D-96E7-FE0742506601}.Release-net4.0|Windows.ActiveCfg = Release-NonWindows|Any CPU
		{76A7113E-8A24-4F5D-96E7-FE0742506601}.Release-net4.0|Windows.Build.0 = Release-NonWindows|Any CPU
		{DA435F46-5213-4351-AD97-030B82376881}.Debug|Any CPU.ActiveCfg = Debug-Windows|Any CPU
		{DA435F46-5213-4351-AD97-030B82376881}.Debug|Any CPU.Build.0 = Debug-Windows|Any CPU
		{DA435F46-5213-4351-AD97-030B82376881}.Debug|NonWindows.ActiveCfg = Debug-NonWindows|Any CPU
		{DA435F46-5213-4351-AD97-030B82376881}.Debug|NonWindows.Build.0 = Debug-NonWindows|Any CPU
		{DA435F46-5213-4351-AD97-030B82376881}.Debug|Windows.ActiveCfg = Debug-Windows|Any CPU
		{DA435F46-5213-4351-AD97-030B82376881}.Debug|Windows.Build.0 = Debug-Windows|Any CPU
		{DA435F46-5213-4351-AD97-030B82376881}.Debug-net4.0|Any CPU.ActiveCfg = Debug-NonWindows|Any CPU
		{DA435F46-5213-4351-AD97-030B82376881}.Debug-net4.0|Any CPU.Build.0 = Debug-NonWindows|Any CPU
		{DA435F46-5213-4351-AD97-030B82376881}.Debug-net4.0|NonWindows.ActiveCfg = Debug-NonWindows|Any CPU
		{DA435F46-5213-4351-AD97-030B82376881}.Debug-net4.0|NonWindows.Build.0 = Debug-NonWindows|Any CPU
		{DA435F46-5213-4351-AD97-030B82376881}.Debug-net4.0|Windows.ActiveCfg = Debug-NonWindows|Any CPU
		{DA435F46-5213-4351-AD97-030B82376881}.Debug-net4.0|Windows.Build.0 = Debug-NonWindows|Any CPU
		{DA435F46-5213-4351-AD97-030B82376881}.Release|Any CPU.ActiveCfg = Release-Windows|Any CPU
		{DA435F46-5213-4351-AD97-030B82376881}.Release|Any CPU.Build.0 = Release-Windows|Any CPU
		{DA435F46-5213-4351-AD97-030B82376881}.Release|NonWindows.ActiveCfg = Release-NonWindows|Any CPU
		{DA435F46-5213-4351-AD97-030B82376881}.Release|NonWindows.Build.0 = Release-NonWindows|Any CPU
		{DA435F46-5213-4351-AD97-030B82376881}.Release|Windows.ActiveCfg = Release-Windows|Any CPU
		{DA435F46-5213-4351-AD97-030B82376881}.Release|Windows.Build.0 = Release-Windows|Any CPU
		{DA435F46-5213-4351-AD97-030B82376881}.Release-net4.0|Any CPU.ActiveCfg = Release-NonWindows|Any CPU
		{DA435F46-5213-4351-AD97-030B82376881}.Release-net4.0|Any CPU.Build.0 = Release-NonWindows|Any CPU
		{DA435F46-5213-4351-AD97-030B82376881}.Release-net4.0|NonWindows.ActiveCfg = Release-NonWindows|Any CPU
		{DA435F46-5213-4351-AD97-030B82376881}.Release-net4.0|NonWindows.Build.0 = Release-NonWindows|Any CPU
		{DA435F46-5213-4351-AD97-030B82376881}.Release-net4.0|Windows.ActiveCfg = Release-NonWindows|Any CPU
		{DA435F46-5213-4351-AD97-030B82376881}.Release-net4.0|Windows.Build.0 = Release-NonWindows|Any CPU
		{54EAD481-B6FC-41BB-ABBE-F0B33E123C61}.Debug|Any CPU.ActiveCfg = Debug|Any CPU
		{54EAD481-B6FC-41BB-ABBE-F0B33E123C61}.Debug|Any CPU.Build.0 = Debug|Any CPU
		{54EAD481-B6FC-41BB-ABBE-F0B33E123C61}.Debug|NonWindows.ActiveCfg = Debug|Any CPU
		{54EAD481-B6FC-41BB-ABBE-F0B33E123C61}.Debug|NonWindows.Build.0 = Debug|Any CPU
		{54EAD481-B6FC-41BB-ABBE-F0B33E123C61}.Debug|Windows.ActiveCfg = Debug|Any CPU
		{54EAD481-B6FC-41BB-ABBE-F0B33E123C61}.Debug|Windows.Build.0 = Debug|Any CPU
		{54EAD481-B6FC-41BB-ABBE-F0B33E123C61}.Debug-net4.0|Any CPU.ActiveCfg = Debug-net4.0|Any CPU
		{54EAD481-B6FC-41BB-ABBE-F0B33E123C61}.Debug-net4.0|Any CPU.Build.0 = Debug-net4.0|Any CPU
		{54EAD481-B6FC-41BB-ABBE-F0B33E123C61}.Debug-net4.0|NonWindows.ActiveCfg = Debug-net4.0|Any CPU
		{54EAD481-B6FC-41BB-ABBE-F0B33E123C61}.Debug-net4.0|NonWindows.Build.0 = Debug-net4.0|Any CPU
		{54EAD481-B6FC-41BB-ABBE-F0B33E123C61}.Debug-net4.0|Windows.ActiveCfg = Debug-net4.0|Any CPU
		{54EAD481-B6FC-41BB-ABBE-F0B33E123C61}.Debug-net4.0|Windows.Build.0 = Debug-net4.0|Any CPU
		{54EAD481-B6FC-41BB-ABBE-F0B33E123C61}.Release|Any CPU.ActiveCfg = Release|Any CPU
		{54EAD481-B6FC-41BB-ABBE-F0B33E123C61}.Release|Any CPU.Build.0 = Release|Any CPU
		{54EAD481-B6FC-41BB-ABBE-F0B33E123C61}.Release|NonWindows.ActiveCfg = Release|Any CPU
		{54EAD481-B6FC-41BB-ABBE-F0B33E123C61}.Release|NonWindows.Build.0 = Release|Any CPU
		{54EAD481-B6FC-41BB-ABBE-F0B33E123C61}.Release|Windows.ActiveCfg = Release|Any CPU
		{54EAD481-B6FC-41BB-ABBE-F0B33E123C61}.Release|Windows.Build.0 = Release|Any CPU
		{54EAD481-B6FC-41BB-ABBE-F0B33E123C61}.Release-net4.0|Any CPU.ActiveCfg = Release-net4.0|Any CPU
		{54EAD481-B6FC-41BB-ABBE-F0B33E123C61}.Release-net4.0|Any CPU.Build.0 = Release-net4.0|Any CPU
		{54EAD481-B6FC-41BB-ABBE-F0B33E123C61}.Release-net4.0|NonWindows.ActiveCfg = Release-net4.0|Any CPU
		{54EAD481-B6FC-41BB-ABBE-F0B33E123C61}.Release-net4.0|NonWindows.Build.0 = Release-net4.0|Any CPU
		{54EAD481-B6FC-41BB-ABBE-F0B33E123C61}.Release-net4.0|Windows.ActiveCfg = Release-net4.0|Any CPU
		{54EAD481-B6FC-41BB-ABBE-F0B33E123C61}.Release-net4.0|Windows.Build.0 = Release-net4.0|Any CPU
		{E2F1F9EB-0DC8-48EF-A526-3DE419261B6A}.Debug|Any CPU.ActiveCfg = Debug-Windows|Any CPU
		{E2F1F9EB-0DC8-48EF-A526-3DE419261B6A}.Debug|Any CPU.Build.0 = Debug-Windows|Any CPU
		{E2F1F9EB-0DC8-48EF-A526-3DE419261B6A}.Debug|NonWindows.ActiveCfg = Debug-Windows|Any CPU
		{E2F1F9EB-0DC8-48EF-A526-3DE419261B6A}.Debug|NonWindows.Build.0 = Debug-Windows|Any CPU
		{E2F1F9EB-0DC8-48EF-A526-3DE419261B6A}.Debug|Windows.ActiveCfg = Debug-Windows|Any CPU
		{E2F1F9EB-0DC8-48EF-A526-3DE419261B6A}.Debug|Windows.Build.0 = Debug-Windows|Any CPU
		{E2F1F9EB-0DC8-48EF-A526-3DE419261B6A}.Debug-net4.0|Any CPU.ActiveCfg = Debug-NonWindows|Any CPU
		{E2F1F9EB-0DC8-48EF-A526-3DE419261B6A}.Debug-net4.0|Any CPU.Build.0 = Debug-NonWindows|Any CPU
		{E2F1F9EB-0DC8-48EF-A526-3DE419261B6A}.Debug-net4.0|NonWindows.ActiveCfg = Debug-NonWindows|Any CPU
		{E2F1F9EB-0DC8-48EF-A526-3DE419261B6A}.Debug-net4.0|NonWindows.Build.0 = Debug-NonWindows|Any CPU
		{E2F1F9EB-0DC8-48EF-A526-3DE419261B6A}.Debug-net4.0|Windows.ActiveCfg = Debug-NonWindows|Any CPU
		{E2F1F9EB-0DC8-48EF-A526-3DE419261B6A}.Debug-net4.0|Windows.Build.0 = Debug-NonWindows|Any CPU
		{E2F1F9EB-0DC8-48EF-A526-3DE419261B6A}.Release|Any CPU.ActiveCfg = Release-Windows|Any CPU
		{E2F1F9EB-0DC8-48EF-A526-3DE419261B6A}.Release|Any CPU.Build.0 = Release-Windows|Any CPU
		{E2F1F9EB-0DC8-48EF-A526-3DE419261B6A}.Release|NonWindows.ActiveCfg = Release-Windows|Any CPU
		{E2F1F9EB-0DC8-48EF-A526-3DE419261B6A}.Release|NonWindows.Build.0 = Release-Windows|Any CPU
		{E2F1F9EB-0DC8-48EF-A526-3DE419261B6A}.Release|Windows.ActiveCfg = Release-Windows|Any CPU
		{E2F1F9EB-0DC8-48EF-A526-3DE419261B6A}.Release|Windows.Build.0 = Release-Windows|Any CPU
		{E2F1F9EB-0DC8-48EF-A526-3DE419261B6A}.Release-net4.0|Any CPU.ActiveCfg = Release-NonWindows|Any CPU
		{E2F1F9EB-0DC8-48EF-A526-3DE419261B6A}.Release-net4.0|Any CPU.Build.0 = Release-NonWindows|Any CPU
		{E2F1F9EB-0DC8-48EF-A526-3DE419261B6A}.Release-net4.0|NonWindows.ActiveCfg = Release-NonWindows|Any CPU
		{E2F1F9EB-0DC8-48EF-A526-3DE419261B6A}.Release-net4.0|NonWindows.Build.0 = Release-NonWindows|Any CPU
		{E2F1F9EB-0DC8-48EF-A526-3DE419261B6A}.Release-net4.0|Windows.ActiveCfg = Release-NonWindows|Any CPU
		{E2F1F9EB-0DC8-48EF-A526-3DE419261B6A}.Release-net4.0|Windows.Build.0 = Release-NonWindows|Any CPU
		{FAF2D9DD-3A2C-4737-834B-B675C56E1709}.Debug|Any CPU.ActiveCfg = Debug|Any CPU
		{FAF2D9DD-3A2C-4737-834B-B675C56E1709}.Debug|Any CPU.Build.0 = Debug|Any CPU
		{FAF2D9DD-3A2C-4737-834B-B675C56E1709}.Debug|NonWindows.ActiveCfg = Debug|Any CPU
		{FAF2D9DD-3A2C-4737-834B-B675C56E1709}.Debug|NonWindows.Build.0 = Debug|Any CPU
		{FAF2D9DD-3A2C-4737-834B-B675C56E1709}.Debug|Windows.ActiveCfg = Debug|Any CPU
		{FAF2D9DD-3A2C-4737-834B-B675C56E1709}.Debug|Windows.Build.0 = Debug|Any CPU
		{FAF2D9DD-3A2C-4737-834B-B675C56E1709}.Debug-net4.0|Any CPU.ActiveCfg = Debug|Any CPU
		{FAF2D9DD-3A2C-4737-834B-B675C56E1709}.Debug-net4.0|Any CPU.Build.0 = Debug|Any CPU
		{FAF2D9DD-3A2C-4737-834B-B675C56E1709}.Debug-net4.0|NonWindows.ActiveCfg = Debug|Any CPU
		{FAF2D9DD-3A2C-4737-834B-B675C56E1709}.Debug-net4.0|NonWindows.Build.0 = Debug|Any CPU
		{FAF2D9DD-3A2C-4737-834B-B675C56E1709}.Debug-net4.0|Windows.ActiveCfg = Debug|Any CPU
		{FAF2D9DD-3A2C-4737-834B-B675C56E1709}.Debug-net4.0|Windows.Build.0 = Debug|Any CPU
		{FAF2D9DD-3A2C-4737-834B-B675C56E1709}.Release|Any CPU.ActiveCfg = Release|Any CPU
		{FAF2D9DD-3A2C-4737-834B-B675C56E1709}.Release|Any CPU.Build.0 = Release|Any CPU
		{FAF2D9DD-3A2C-4737-834B-B675C56E1709}.Release|NonWindows.ActiveCfg = Release|Any CPU
		{FAF2D9DD-3A2C-4737-834B-B675C56E1709}.Release|NonWindows.Build.0 = Release|Any CPU
		{FAF2D9DD-3A2C-4737-834B-B675C56E1709}.Release|Windows.ActiveCfg = Release|Any CPU
		{FAF2D9DD-3A2C-4737-834B-B675C56E1709}.Release|Windows.Build.0 = Release|Any CPU
		{FAF2D9DD-3A2C-4737-834B-B675C56E1709}.Release-net4.0|Any CPU.ActiveCfg = Release|Any CPU
		{FAF2D9DD-3A2C-4737-834B-B675C56E1709}.Release-net4.0|Any CPU.Build.0 = Release|Any CPU
		{FAF2D9DD-3A2C-4737-834B-B675C56E1709}.Release-net4.0|NonWindows.ActiveCfg = Release|Any CPU
		{FAF2D9DD-3A2C-4737-834B-B675C56E1709}.Release-net4.0|NonWindows.Build.0 = Release|Any CPU
		{FAF2D9DD-3A2C-4737-834B-B675C56E1709}.Release-net4.0|Windows.ActiveCfg = Release|Any CPU
		{FAF2D9DD-3A2C-4737-834B-B675C56E1709}.Release-net4.0|Windows.Build.0 = Release|Any CPU
	EndGlobalSection
	GlobalSection(SolutionProperties) = preSolution
		HideSolutionNode = FALSE
	EndGlobalSection
EndGlobal
